
Microsoft Visual Studio Solution File, Format Version 12.00
# Visual Studio Version 17
VisualStudioVersion = 17.8.34322.80
MinimumVisualStudioVersion = 10.0.40219.1
Project("{FAE04EC0-301F-11D3-BF4B-00C04F79EFBC}") = "Pattern26_", "Pattern26_.csproj", "{A6D35E3E-FD5D-44EB-BB7E-163DF2FBDB21}"
EndProject
Global
	GlobalSection(SolutionConfigurationPlatforms) = preSolution
		Debug|Any CPU = Debug|Any CPU
		Release|Any CPU = Release|Any CPU
	EndGlobalSection
	GlobalSection(ProjectConfigurationPlatforms) = postSolution
		{A6D35E3E-FD5D-44EB-BB7E-163DF2FBDB21}.Debug|Any CPU.ActiveCfg = Debug|Any CPU
		{A6D35E3E-FD5D-44EB-BB7E-163DF2FBDB21}.Debug|Any CPU.Build.0 = Debug|Any CPU
		{A6D35E3E-FD5D-44EB-BB7E-163DF2FBDB21}.Release|Any CPU.ActiveCfg = Release|Any CPU
		{A6D35E3E-FD5D-44EB-BB7E-163DF2FBDB21}.Release|Any CPU.Build.0 = Release|Any CPU
	EndGlobalSection
	GlobalSection(SolutionProperties) = preSolution
		HideSolutionNode = FALSE
	EndGlobalSection
	GlobalSection(ExtensibilityGlobals) = postSolution
		SolutionGuid = {ED1B8178-4C4A-4E4B-874E-028671525034}
	EndGlobalSection
EndGlobal
