
Microsoft Visual Studio Solution File, Format Version 12.00
# Visual Studio Version 17
VisualStudioVersion = 17.8.34330.188
MinimumVisualStudioVersion = 10.0.40219.1
Project("{FAE04EC0-301F-11D3-BF4B-00C04F79EFBC}") = "Pattern72_", "Pattern72_.csproj", "{197B1E13-8BFE-4CC3-B906-F6655F541F45}"
EndProject
Global
	GlobalSection(SolutionConfigurationPlatforms) = preSolution
		Debug|Any CPU = Debug|Any CPU
		Release|Any CPU = Release|Any CPU
	EndGlobalSection
	GlobalSection(ProjectConfigurationPlatforms) = postSolution
		{197B1E13-8BFE-4CC3-B906-F6655F541F45}.Debug|Any CPU.ActiveCfg = Debug|Any CPU
		{197B1E13-8BFE-4CC3-B906-F6655F541F45}.Debug|Any CPU.Build.0 = Debug|Any CPU
		{197B1E13-8BFE-4CC3-B906-F6655F541F45}.Release|Any CPU.ActiveCfg = Release|Any CPU
		{197B1E13-8BFE-4CC3-B906-F6655F541F45}.Release|Any CPU.Build.0 = Release|Any CPU
	EndGlobalSection
	GlobalSection(SolutionProperties) = preSolution
		HideSolutionNode = FALSE
	EndGlobalSection
	GlobalSection(ExtensibilityGlobals) = postSolution
		SolutionGuid = {2384BF59-DF3C-4C85-90E9-77375A150AA1}
	EndGlobalSection
EndGlobal
