
Microsoft Visual Studio Solution File, Format Version 12.00
# Visual Studio Version 17
VisualStudioVersion = 17.8.34322.80
MinimumVisualStudioVersion = 10.0.40219.1
Project("{FAE04EC0-301F-11D3-BF4B-00C04F79EFBC}") = "Pattern34_", "Pattern34_.csproj", "{20EBD104-44A2-4676-B9D4-70E0A292A296}"
EndProject
Global
	GlobalSection(SolutionConfigurationPlatforms) = preSolution
		Debug|Any CPU = Debug|Any CPU
		Release|Any CPU = Release|Any CPU
	EndGlobalSection
	GlobalSection(ProjectConfigurationPlatforms) = postSolution
		{20EBD104-44A2-4676-B9D4-70E0A292A296}.Debug|Any CPU.ActiveCfg = Debug|Any CPU
		{20EBD104-44A2-4676-B9D4-70E0A292A296}.Debug|Any CPU.Build.0 = Debug|Any CPU
		{20EBD104-44A2-4676-B9D4-70E0A292A296}.Release|Any CPU.ActiveCfg = Release|Any CPU
		{20EBD104-44A2-4676-B9D4-70E0A292A296}.Release|Any CPU.Build.0 = Release|Any CPU
	EndGlobalSection
	GlobalSection(SolutionProperties) = preSolution
		HideSolutionNode = FALSE
	EndGlobalSection
	GlobalSection(ExtensibilityGlobals) = postSolution
		SolutionGuid = {D71502F1-643E-42B1-9ECC-565A605E6A58}
	EndGlobalSection
EndGlobal
