
Microsoft Visual Studio Solution File, Format Version 12.00
# Visual Studio Version 17
VisualStudioVersion = 17.8.34322.80
MinimumVisualStudioVersion = 10.0.40219.1
Project("{FAE04EC0-301F-11D3-BF4B-00C04F79EFBC}") = "Pattern22_", "Pattern22_.csproj", "{008A8ECA-BEE1-4795-AB92-FB47A8B17713}"
EndProject
Global
	GlobalSection(SolutionConfigurationPlatforms) = preSolution
		Debug|Any CPU = Debug|Any CPU
		Release|Any CPU = Release|Any CPU
	EndGlobalSection
	GlobalSection(ProjectConfigurationPlatforms) = postSolution
		{008A8ECA-BEE1-4795-AB92-FB47A8B17713}.Debug|Any CPU.ActiveCfg = Debug|Any CPU
		{008A8ECA-BEE1-4795-AB92-FB47A8B17713}.Debug|Any CPU.Build.0 = Debug|Any CPU
		{008A8ECA-BEE1-4795-AB92-FB47A8B17713}.Release|Any CPU.ActiveCfg = Release|Any CPU
		{008A8ECA-BEE1-4795-AB92-FB47A8B17713}.Release|Any CPU.Build.0 = Release|Any CPU
	EndGlobalSection
	GlobalSection(SolutionProperties) = preSolution
		HideSolutionNode = FALSE
	EndGlobalSection
	GlobalSection(ExtensibilityGlobals) = postSolution
		SolutionGuid = {85A37187-6F86-40E2-A8F0-37AFDCE074CD}
	EndGlobalSection
EndGlobal
