
Microsoft Visual Studio Solution File, Format Version 12.00
# Visual Studio Version 17
VisualStudioVersion = 17.8.34525.116
MinimumVisualStudioVersion = 10.0.40219.1
Project("{FAE04EC0-301F-11D3-BF4B-00C04F79EFBC}") = "Deneme", "Deneme.csproj", "{51BF5597-B771-4AF9-9D42-341F4DCBF094}"
EndProject
Global
	GlobalSection(SolutionConfigurationPlatforms) = preSolution
		Debug|Any CPU = Debug|Any CPU
		Release|Any CPU = Release|Any CPU
	EndGlobalSection
	GlobalSection(ProjectConfigurationPlatforms) = postSolution
		{51BF5597-B771-4AF9-9D42-341F4DCBF094}.Debug|Any CPU.ActiveCfg = Debug|Any CPU
		{51BF5597-B771-4AF9-9D42-341F4DCBF094}.Debug|Any CPU.Build.0 = Debug|Any CPU
		{51BF5597-B771-4AF9-9D42-341F4DCBF094}.Release|Any CPU.ActiveCfg = Release|Any CPU
		{51BF5597-B771-4AF9-9D42-341F4DCBF094}.Release|Any CPU.Build.0 = Release|Any CPU
	EndGlobalSection
	GlobalSection(SolutionProperties) = preSolution
		HideSolutionNode = FALSE
	EndGlobalSection
	GlobalSection(ExtensibilityGlobals) = postSolution
		SolutionGuid = {66787788-FADF-4836-B7FF-93D03F22DB8C}
	EndGlobalSection
EndGlobal
