
Microsoft Visual Studio Solution File, Format Version 12.00
# Visual Studio Version 17
VisualStudioVersion = 17.8.34322.80
MinimumVisualStudioVersion = 10.0.40219.1
Project("{FAE04EC0-301F-11D3-BF4B-00C04F79EFBC}") = "Pattern17_", "Pattern17_.csproj", "{640FA1EF-592D-4695-8E01-6AE2C69E05B9}"
EndProject
Global
	GlobalSection(SolutionConfigurationPlatforms) = preSolution
		Debug|Any CPU = Debug|Any CPU
		Release|Any CPU = Release|Any CPU
	EndGlobalSection
	GlobalSection(ProjectConfigurationPlatforms) = postSolution
		{640FA1EF-592D-4695-8E01-6AE2C69E05B9}.Debug|Any CPU.ActiveCfg = Debug|Any CPU
		{640FA1EF-592D-4695-8E01-6AE2C69E05B9}.Debug|Any CPU.Build.0 = Debug|Any CPU
		{640FA1EF-592D-4695-8E01-6AE2C69E05B9}.Release|Any CPU.ActiveCfg = Release|Any CPU
		{640FA1EF-592D-4695-8E01-6AE2C69E05B9}.Release|Any CPU.Build.0 = Release|Any CPU
	EndGlobalSection
	GlobalSection(SolutionProperties) = preSolution
		HideSolutionNode = FALSE
	EndGlobalSection
	GlobalSection(ExtensibilityGlobals) = postSolution
		SolutionGuid = {718B22A0-2E49-4264-85DA-34FD2F22F96C}
	EndGlobalSection
EndGlobal
