
Microsoft Visual Studio Solution File, Format Version 12.00
# Visual Studio Version 17
VisualStudioVersion = 17.7.34202.233
MinimumVisualStudioVersion = 10.0.40219.1
Project("{FAE04EC0-301F-11D3-BF4B-00C04F79EFBC}") = "Pattern3_", "Pattern3_.csproj", "{C783670E-AAF4-4D19-AA8D-4FF2C2D13774}"
EndProject
Global
	GlobalSection(SolutionConfigurationPlatforms) = preSolution
		Debug|Any CPU = Debug|Any CPU
		Release|Any CPU = Release|Any CPU
	EndGlobalSection
	GlobalSection(ProjectConfigurationPlatforms) = postSolution
		{C783670E-AAF4-4D19-AA8D-4FF2C2D13774}.Debug|Any CPU.ActiveCfg = Debug|Any CPU
		{C783670E-AAF4-4D19-AA8D-4FF2C2D13774}.Debug|Any CPU.Build.0 = Debug|Any CPU
		{C783670E-AAF4-4D19-AA8D-4FF2C2D13774}.Release|Any CPU.ActiveCfg = Release|Any CPU
		{C783670E-AAF4-4D19-AA8D-4FF2C2D13774}.Release|Any CPU.Build.0 = Release|Any CPU
	EndGlobalSection
	GlobalSection(SolutionProperties) = preSolution
		HideSolutionNode = FALSE
	EndGlobalSection
	GlobalSection(ExtensibilityGlobals) = postSolution
		SolutionGuid = {50AAEA2F-68BF-4BD7-8F8A-C65E95674FCD}
	EndGlobalSection
EndGlobal
