
Microsoft Visual Studio Solution File, Format Version 12.00
# Visual Studio Version 17
VisualStudioVersion = 17.8.34330.188
MinimumVisualStudioVersion = 10.0.40219.1
Project("{FAE04EC0-301F-11D3-BF4B-00C04F79EFBC}") = "Pattern51_", "Pattern51_.csproj", "{73632112-0531-41AD-8BE6-750F52BB626E}"
EndProject
Global
	GlobalSection(SolutionConfigurationPlatforms) = preSolution
		Debug|Any CPU = Debug|Any CPU
		Release|Any CPU = Release|Any CPU
	EndGlobalSection
	GlobalSection(ProjectConfigurationPlatforms) = postSolution
		{73632112-0531-41AD-8BE6-750F52BB626E}.Debug|Any CPU.ActiveCfg = Debug|Any CPU
		{73632112-0531-41AD-8BE6-750F52BB626E}.Debug|Any CPU.Build.0 = Debug|Any CPU
		{73632112-0531-41AD-8BE6-750F52BB626E}.Release|Any CPU.ActiveCfg = Release|Any CPU
		{73632112-0531-41AD-8BE6-750F52BB626E}.Release|Any CPU.Build.0 = Release|Any CPU
	EndGlobalSection
	GlobalSection(SolutionProperties) = preSolution
		HideSolutionNode = FALSE
	EndGlobalSection
	GlobalSection(ExtensibilityGlobals) = postSolution
		SolutionGuid = {219A31E5-135D-400A-918B-C9C126A75B90}
	EndGlobalSection
EndGlobal
