
Microsoft Visual Studio Solution File, Format Version 12.00
# Visual Studio Version 17
VisualStudioVersion = 17.8.34322.80
MinimumVisualStudioVersion = 10.0.40219.1
Project("{FAE04EC0-301F-11D3-BF4B-00C04F79EFBC}") = "Pattern20_", "Pattern20_.csproj", "{10558328-90A9-4F61-ADE9-0F16614F2592}"
EndProject
Global
	GlobalSection(SolutionConfigurationPlatforms) = preSolution
		Debug|Any CPU = Debug|Any CPU
		Release|Any CPU = Release|Any CPU
	EndGlobalSection
	GlobalSection(ProjectConfigurationPlatforms) = postSolution
		{10558328-90A9-4F61-ADE9-0F16614F2592}.Debug|Any CPU.ActiveCfg = Debug|Any CPU
		{10558328-90A9-4F61-ADE9-0F16614F2592}.Debug|Any CPU.Build.0 = Debug|Any CPU
		{10558328-90A9-4F61-ADE9-0F16614F2592}.Release|Any CPU.ActiveCfg = Release|Any CPU
		{10558328-90A9-4F61-ADE9-0F16614F2592}.Release|Any CPU.Build.0 = Release|Any CPU
	EndGlobalSection
	GlobalSection(SolutionProperties) = preSolution
		HideSolutionNode = FALSE
	EndGlobalSection
	GlobalSection(ExtensibilityGlobals) = postSolution
		SolutionGuid = {A99F5BE6-83BD-4C3C-85FD-22368F0273E1}
	EndGlobalSection
EndGlobal
